
Microsoft Visual Studio Solution File, Format Version 12.00
# Visual Studio Version 17
VisualStudioVersion = 17.5.33530.505
MinimumVisualStudioVersion = 10.0.40219.1
Project("{FAE04EC0-301F-11D3-BF4B-00C04F79EFBC}") = "Filian", "Filian.csproj", "{2C2B2AFA-A18C-4076-9C28-B6202B2DD71A}"
EndProject
Global
	GlobalSection(SolutionConfigurationPlatforms) = preSolution
		Debug|Any CPU = Debug|Any CPU
		Release|Any CPU = Release|Any CPU
	EndGlobalSection
	GlobalSection(ProjectConfigurationPlatforms) = postSolution
		{2C2B2AFA-A18C-4076-9C28-B6202B2DD71A}.Debug|Any CPU.ActiveCfg = Debug|Any CPU
		{2C2B2AFA-A18C-4076-9C28-B6202B2DD71A}.Debug|Any CPU.Build.0 = Debug|Any CPU
		{2C2B2AFA-A18C-4076-9C28-B6202B2DD71A}.Release|Any CPU.ActiveCfg = Release|Any CPU
		{2C2B2AFA-A18C-4076-9C28-B6202B2DD71A}.Release|Any CPU.Build.0 = Release|Any CPU
	EndGlobalSection
	GlobalSection(SolutionProperties) = preSolution
		HideSolutionNode = FALSE
	EndGlobalSection
	GlobalSection(ExtensibilityGlobals) = postSolution
		SolutionGuid = {09C71868-5ACD-47EE-8C85-DFB428274617}
	EndGlobalSection
EndGlobal
